
Microsoft Visual Studio Solution File, Format Version 12.00
# Visual Studio 14
VisualStudioVersion = 14.0.25420.1
MinimumVisualStudioVersion = 10.0.40219.1
Project("{FAE04EC0-301F-11D3-BF4B-00C04F79EFBC}") = "zh2gyakorolgatásocskodás", "zh2gyakorolgatásocskodás\zh2gyakorolgatásocskodás.csproj", "{BB02244B-2A41-46FC-BF98-1CF5898E29CD}"
EndProject
Project("{FAE04EC0-301F-11D3-BF4B-00C04F79EFBC}") = "EmailGo", "EmailGo\EmailGo.csproj", "{1EEC48CE-800D-48D6-87CE-73D2EB05B760}"
EndProject
Global
	GlobalSection(SolutionConfigurationPlatforms) = preSolution
		Debug|Any CPU = Debug|Any CPU
		Release|Any CPU = Release|Any CPU
	EndGlobalSection
	GlobalSection(ProjectConfigurationPlatforms) = postSolution
		{BB02244B-2A41-46FC-BF98-1CF5898E29CD}.Debug|Any CPU.ActiveCfg = Debug|Any CPU
		{BB02244B-2A41-46FC-BF98-1CF5898E29CD}.Debug|Any CPU.Build.0 = Debug|Any CPU
		{BB02244B-2A41-46FC-BF98-1CF5898E29CD}.Release|Any CPU.ActiveCfg = Release|Any CPU
		{BB02244B-2A41-46FC-BF98-1CF5898E29CD}.Release|Any CPU.Build.0 = Release|Any CPU
		{1EEC48CE-800D-48D6-87CE-73D2EB05B760}.Debug|Any CPU.ActiveCfg = Debug|Any CPU
		{1EEC48CE-800D-48D6-87CE-73D2EB05B760}.Debug|Any CPU.Build.0 = Debug|Any CPU
		{1EEC48CE-800D-48D6-87CE-73D2EB05B760}.Release|Any CPU.ActiveCfg = Release|Any CPU
		{1EEC48CE-800D-48D6-87CE-73D2EB05B760}.Release|Any CPU.Build.0 = Release|Any CPU
	EndGlobalSection
	GlobalSection(SolutionProperties) = preSolution
		HideSolutionNode = FALSE
	EndGlobalSection
EndGlobal
